# This file was autogenerated by Stack.
# You should not edit this file by hand.
# For more information, please see the documentation at:
#   https://docs.haskellstack.org/en/stable/lock_files

packages: []
snapshots:
- completed:
    size: 471474
    url: https://raw.githubusercontent.com/commercialhaskell/stackage-snapshots/master/lts/8/4.yaml
    sha256: babf6a446e1ae92cf869ea37bc2de060c2fbcfc6c90cbd703940ca04be986113
  original: lts-8.4
